PODS:
  - Alamofire (5.0.0)
  - HWPanModal (0.6.7)
  - Kingfisher (5.13.1):
    - Kingfisher/Core (= 5.13.1)
  - Kingfisher/Core (5.13.1)
  - MJRefresh (3.3.1)
  - ObjectMapper (3.5.1)
  - PKHUD (5.3.0)
  - SnapKit (5.0.1)
  - ZFPlayer (3.2.17):
    - ZFPlayer/Core (= 3.2.17)
  - ZFPlayer/AVPlayer (3.2.17):
    - ZFPlayer/Core
  - ZFPlayer/ControlView (3.2.17):
    - ZFPlayer/Core
  - ZFPlayer/Core (3.2.17)

DEPENDENCIES:
  - Alamofire (~> 5.0.0)
  - HWPanModal (~> 0.6.7)
  - Kingfisher (~> 5.13.1)
  - MJRefresh (~> 3.3.1)
  - ObjectMapper (~> 3.5.1)
  - PKHUD (~> 5.3.0)
  - SnapKit (~> 5.0.1)
  - ZFPlayer (~> 3.2.17)
  - ZFPlayer/AVPlayer (~> 3.2.17)
  - ZFPlayer/ControlView (~> 3.2.17)

SPEC REPOS:
  https://github.com/CocoaPods/Specs.git:
    - Alamofire
    - HWPanModal
    - Kingfisher
    - MJRefresh
    - ObjectMapper
    - PKHUD
    - SnapKit
    - ZFPlayer

SPEC CHECKSUMS:
  Alamofire: 58ff2bfb8daaacaa233d5c36e37b10a5248f59b1
  HWPanModal: 8ce3489c30e2268dafc50acdcde50d34f75f35aa
  Kingfisher: f33a848445e33c543620812158dc5d47f6bf90df
  MJRefresh: eeda70fbf0ad277f3178cef1cd0c3532591d6237
  ObjectMapper: 70187b8941977c62ccfb423caf6b50be405cabf0
  PKHUD: 98f3e4bc904b9c916f1c5bb6d765365b5357291b
  SnapKit: 97b92857e3df3a0c71833cce143274bf6ef8e5eb
  ZFPlayer: ac9cb879291eec259e7fe77e840c884e2b80a499

PODFILE CHECKSUM: 83708e4699b50eb672ae7a942cf5f3b291523978

COCOAPODS: 1.9.1
