// !$*UTF8*$!
{
	archiveVersion = 1;
	classes = {
	};
	objectVersion = 51;
	objects = {

/* Begin PBXBuildFile section */
		427166BF0F117ED00CDE1779 /* Pods_YYMusic.framework in Frameworks */ = {isa = PBXBuildFile; fileRef = 5D60A01B8CB662060C6F9FC0 /* Pods_YYMusic.framework */; };
		51438C63A32E7F7993FE73D6 /* Pods_YYMusicTests.framework in Frameworks */ = {isa = PBXBuildFile; fileRef = 3D83E04A635442EFB0FE1C20 /* Pods_YYMusicTests.framework */; };
		D24C87F3246BFC53002F7CD0 /* AppDelegate.swift in Sources */ = {isa = PBXBuildFile; fileRef = D24C87F2246BFC53002F7CD0 /* AppDelegate.swift */; };
		D24C87FA246BFC53002F7CD0 /* Main.storyboard in Resources */ = {isa = PBXBuildFile; fileRef = D24C87F8246BFC53002F7CD0 /* Main.storyboard */; };
		D24C87FC246BFC55002F7CD0 /* Assets.xcassets in Resources */ = {isa = PBXBuildFile; fileRef = D24C87FB246BFC55002F7CD0 /* Assets.xcassets */; };
		D24C87FF246BFC55002F7CD0 /* LaunchScreen.storyboard in Resources */ = {isa = PBXBuildFile; fileRef = D24C87FD246BFC55002F7CD0 /* LaunchScreen.storyboard */; };
		D24C880A246BFC56002F7CD0 /* YYMusicTests.swift in Sources */ = {isa = PBXBuildFile; fileRef = D24C8809246BFC56002F7CD0 /* YYMusicTests.swift */; };
		D24C8815246BFC56002F7CD0 /* YYMusicUITests.swift in Sources */ = {isa = PBXBuildFile; fileRef = D24C8814246BFC56002F7CD0 /* YYMusicUITests.swift */; };
		D24C882B246C0233002F7CD0 /* PlayerModel.swift in Sources */ = {isa = PBXBuildFile; fileRef = D24C882A246C0233002F7CD0 /* PlayerModel.swift */; };
		D24C882D246C0603002F7CD0 /* NetWorkingTool.swift in Sources */ = {isa = PBXBuildFile; fileRef = D24C882C246C0603002F7CD0 /* NetWorkingTool.swift */; };
		D24C882F246C0620002F7CD0 /* CustomHUD.swift in Sources */ = {isa = PBXBuildFile; fileRef = D24C882E246C0620002F7CD0 /* CustomHUD.swift */; };
		D24C8831246C064B002F7CD0 /* AlamofireManager.swift in Sources */ = {isa = PBXBuildFile; fileRef = D24C8830246C064B002F7CD0 /* AlamofireManager.swift */; };
		D24C8833246C06D4002F7CD0 /* CommonResult.swift in Sources */ = {isa = PBXBuildFile; fileRef = D24C8832246C06D4002F7CD0 /* CommonResult.swift */; };
		D24C8835246C07A2002F7CD0 /* RequestHelper.swift in Sources */ = {isa = PBXBuildFile; fileRef = D24C8834246C07A2002F7CD0 /* RequestHelper.swift */; };
		D24C883C246CF719002F7CD0 /* Common.swift in Sources */ = {isa = PBXBuildFile; fileRef = D24C883B246CF719002F7CD0 /* Common.swift */; };
		D24C883E246CF779002F7CD0 /* DeviceInfo.swift in Sources */ = {isa = PBXBuildFile; fileRef = D24C883D246CF779002F7CD0 /* DeviceInfo.swift */; };
		D24C8846246D1F2E002F7CD0 /* PlayerManager.swift in Sources */ = {isa = PBXBuildFile; fileRef = D24C8845246D1F2E002F7CD0 /* PlayerManager.swift */; };
		D24C8848246D53F2002F7CD0 /* UserDefaultsManager.swift in Sources */ = {isa = PBXBuildFile; fileRef = D24C8847246D53F2002F7CD0 /* UserDefaultsManager.swift */; };
		D26D50312480E0820024EBA6 /* UIColorExtention.swift in Sources */ = {isa = PBXBuildFile; fileRef = D26D50302480E0820024EBA6 /* UIColorExtention.swift */; };
		D26D50332480F1A00024EBA6 /* MainTabBarViewController.swift in Sources */ = {isa = PBXBuildFile; fileRef = D26D50322480F1A00024EBA6 /* MainTabBarViewController.swift */; };
		D26D5037248110C90024EBA6 /* InfiniteCycleView.swift in Sources */ = {isa = PBXBuildFile; fileRef = D26D5036248110C90024EBA6 /* InfiniteCycleView.swift */; };
		D26D50392484B1670024EBA6 /* MusicView.swift in Sources */ = {isa = PBXBuildFile; fileRef = D26D50382484B1670024EBA6 /* MusicView.swift */; };
		D28DACE0247F881F00D1A4AB /* SelectConfigue.swift in Sources */ = {isa = PBXBuildFile; fileRef = D28DACDD247F881F00D1A4AB /* SelectConfigue.swift */; };
		D28DACE1247F881F00D1A4AB /* TitleScrollView.swift in Sources */ = {isa = PBXBuildFile; fileRef = D28DACDE247F881F00D1A4AB /* TitleScrollView.swift */; };
		D28DACE2247F881F00D1A4AB /* PageScrollView.swift in Sources */ = {isa = PBXBuildFile; fileRef = D28DACDF247F881F00D1A4AB /* PageScrollView.swift */; };
		D2B2F48324753202007FECBF /* LyricViewController.swift in Sources */ = {isa = PBXBuildFile; fileRef = D2B2F48124753202007FECBF /* LyricViewController.swift */; };
		D2B2F48424753202007FECBF /* LyricViewController.xib in Resources */ = {isa = PBXBuildFile; fileRef = D2B2F48224753202007FECBF /* LyricViewController.xib */; };
		D2B2F49224767BDA007FECBF /* BaseViewController.swift in Sources */ = {isa = PBXBuildFile; fileRef = D2B2F49124767BDA007FECBF /* BaseViewController.swift */; };
		D2B2F49424768CB8007FECBF /* LrcAnalyzer.swift in Sources */ = {isa = PBXBuildFile; fileRef = D2B2F49324768CB8007FECBF /* LrcAnalyzer.swift */; };
		D2B2F4A9247CAAF2007FECBF /* BillListViewController.swift in Sources */ = {isa = PBXBuildFile; fileRef = D2B2F4A3247CAAF2007FECBF /* BillListViewController.swift */; };
		D2B2F4B1247CAB68007FECBF /* MVListViewController.swift in Sources */ = {isa = PBXBuildFile; fileRef = D2B2F4B0247CAB68007FECBF /* MVListViewController.swift */; };
		D2B2F4B3247CABE6007FECBF /* TrackListViewController.swift in Sources */ = {isa = PBXBuildFile; fileRef = D2B2F4B2247CABE6007FECBF /* TrackListViewController.swift */; };
		D2B2F4B5247CACA1007FECBF /* MVPlayViewController.swift in Sources */ = {isa = PBXBuildFile; fileRef = D2B2F4B4247CACA1007FECBF /* MVPlayViewController.swift */; };
		D2B2F4D7247D1929007FECBF /* ZFTableViewCell.swift in Sources */ = {isa = PBXBuildFile; fileRef = D2B2F4D6247D1929007FECBF /* ZFTableViewCell.swift */; };
		D2B2F4D9247E017D007FECBF /* LrcLabel.swift in Sources */ = {isa = PBXBuildFile; fileRef = D2B2F4D8247E017D007FECBF /* LrcLabel.swift */; };
		D2D10CAF2472354A0051E3E2 /* NotificationCenterExtension.swift in Sources */ = {isa = PBXBuildFile; fileRef = D2D10CAE2472354A0051E3E2 /* NotificationCenterExtension.swift */; };
		D2D10CB1247274030051E3E2 /* WHPlayerBottomView.swift in Sources */ = {isa = PBXBuildFile; fileRef = D2D10CB0247274030051E3E2 /* WHPlayerBottomView.swift */; };
		D2D10CB32473B1C20051E3E2 /* BDModel.swift in Sources */ = {isa = PBXBuildFile; fileRef = D2D10CB22473B1C20051E3E2 /* BDModel.swift */; };
		D2D10CB92473C6F70051E3E2 /* BaseNavigationViewController.swift in Sources */ = {isa = PBXBuildFile; fileRef = D2D10CB72473C6F70051E3E2 /* BaseNavigationViewController.swift */; };
		D2D10CCE2474C8200051E3E2 /* MainPlayViewController.xib in Resources */ = {isa = PBXBuildFile; fileRef = D2D10CCB2474C8200051E3E2 /* MainPlayViewController.xib */; };
		D2D10CD02474C8200051E3E2 /* MainPlayViewController.swift in Sources */ = {isa = PBXBuildFile; fileRef = D2D10CCD2474C8200051E3E2 /* MainPlayViewController.swift */; };
		D2D10CD52474DA4D0051E3E2 /* PlayDetailViewController.swift in Sources */ = {isa = PBXBuildFile; fileRef = D2D10CD32474DA4D0051E3E2 /* PlayDetailViewController.swift */; };
		D2D10CD62474DA4D0051E3E2 /* PlayDetailViewController.xib in Resources */ = {isa = PBXBuildFile; fileRef = D2D10CD42474DA4D0051E3E2 /* PlayDetailViewController.xib */; };
		D2D10CD82474E23D0051E3E2 /* MusicSlider.swift in Sources */ = {isa = PBXBuildFile; fileRef = D2D10CD72474E23D0051E3E2 /* MusicSlider.swift */; };
		D2D10CDA2474FB620051E3E2 /* UIViewExtention.swift in Sources */ = {isa = PBXBuildFile; fileRef = D2D10CD92474FB620051E3E2 /* UIViewExtention.swift */; };
		D2D10CDC247500850051E3E2 /* StringExtention.swift in Sources */ = {isa = PBXBuildFile; fileRef = D2D10CDB247500850051E3E2 /* StringExtention.swift */; };
		FDA441EDDD14766985AEC842 /* Pods_YYMusic_YYMusicUITests.framework in Frameworks */ = {isa = PBXBuildFile; fileRef = 97C1BAE0E5551F8CC9F1A468 /* Pods_YYMusic_YYMusicUITests.framework */; };
/* End PBXBuildFile section */

/* Begin PBXContainerItemProxy section */
		D24C8806246BFC56002F7CD0 /* PBXContainerItemProxy */ = {
			isa = PBXContainerItemProxy;
			containerPortal = D24C87E7246BFC53002F7CD0 /* Project object */;
			proxyType = 1;
			remoteGlobalIDString = D24C87EE246BFC53002F7CD0;
			remoteInfo = YYMusic;
		};
		D24C8811246BFC56002F7CD0 /* PBXContainerItemProxy */ = {
			isa = PBXContainerItemProxy;
			containerPortal = D24C87E7246BFC53002F7CD0 /* Project object */;
			proxyType = 1;
			remoteGlobalIDString = D24C87EE246BFC53002F7CD0;
			remoteInfo = YYMusic;
		};
/* End PBXContainerItemProxy section */

/* Begin PBXFileReference section */
		0F0DB9F537D6B4FBF9BF79F2 /* Pods-YYMusicTests.debug.xcconfig */ = {isa = PBXFileReference; includeInIndex = 1; lastKnownFileType = text.xcconfig; name = "Pods-YYMusicTests.debug.xcconfig"; path = "Target Support Files/Pods-YYMusicTests/Pods-YYMusicTests.debug.xcconfig"; sourceTree = "<group>"; };
		2C256EF94674FD176E795252 /* Pods-YYMusic.release.xcconfig */ = {isa = PBXFileReference; includeInIndex = 1; lastKnownFileType = text.xcconfig; name = "Pods-YYMusic.release.xcconfig"; path = "Target Support Files/Pods-YYMusic/Pods-YYMusic.release.xcconfig"; sourceTree = "<group>"; };
		375C3FFA3DF9533D44A391F8 /* Pods-YYMusic-YYMusicUITests.release.xcconfig */ = {isa = PBXFileReference; includeInIndex = 1; lastKnownFileType = text.xcconfig; name = "Pods-YYMusic-YYMusicUITests.release.xcconfig"; path = "Target Support Files/Pods-YYMusic-YYMusicUITests/Pods-YYMusic-YYMusicUITests.release.xcconfig"; sourceTree = "<group>"; };
		3D83E04A635442EFB0FE1C20 /* Pods_YYMusicTests.framework */ = {isa = PBXFileReference; explicitFileType = wrapper.framework; includeInIndex = 0; path = Pods_YYMusicTests.framework; sourceTree = BUILT_PRODUCTS_DIR; };
		5D60A01B8CB662060C6F9FC0 /* Pods_YYMusic.framework */ = {isa = PBXFileReference; explicitFileType = wrapper.framework; includeInIndex = 0; path = Pods_YYMusic.framework; sourceTree = BUILT_PRODUCTS_DIR; };
		621AA26CE38EEA5E496C5CD3 /* Pods-YYMusicTests.release.xcconfig */ = {isa = PBXFileReference; includeInIndex = 1; lastKnownFileType = text.xcconfig; name = "Pods-YYMusicTests.release.xcconfig"; path = "Target Support Files/Pods-YYMusicTests/Pods-YYMusicTests.release.xcconfig"; sourceTree = "<group>"; };
		730EE4DE633266EA9F10763C /* Pods-YYMusic-YYMusicUITests.debug.xcconfig */ = {isa = PBXFileReference; includeInIndex = 1; lastKnownFileType = text.xcconfig; name = "Pods-YYMusic-YYMusicUITests.debug.xcconfig"; path = "Target Support Files/Pods-YYMusic-YYMusicUITests/Pods-YYMusic-YYMusicUITests.debug.xcconfig"; sourceTree = "<group>"; };
		97C1BAE0E5551F8CC9F1A468 /* Pods_YYMusic_YYMusicUITests.framework */ = {isa = PBXFileReference; explicitFileType = wrapper.framework; includeInIndex = 0; path = Pods_YYMusic_YYMusicUITests.framework; sourceTree = BUILT_PRODUCTS_DIR; };
		D24C87EF246BFC53002F7CD0 /* YYMusic.app */ = {isa = PBXFileReference; explicitFileType = wrapper.application; includeInIndex = 0; path = YYMusic.app; sourceTree = BUILT_PRODUCTS_DIR; };
		D24C87F2246BFC53002F7CD0 /* AppDelegate.swift */ = {isa = PBXFileReference; lastKnownFileType = sourcecode.swift; path = AppDelegate.swift; sourceTree = "<group>"; };
		D24C87F9246BFC53002F7CD0 /* Base */ = {isa = PBXFileReference; lastKnownFileType = file.storyboard; name = Base; path = Base.lproj/Main.storyboard; sourceTree = "<group>"; };
		D24C87FB246BFC55002F7CD0 /* Assets.xcassets */ = {isa = PBXFileReference; lastKnownFileType = folder.assetcatalog; path = Assets.xcassets; sourceTree = "<group>"; };
		D24C87FE246BFC55002F7CD0 /* Base */ = {isa = PBXFileReference; lastKnownFileType = file.storyboard; name = Base; path = Base.lproj/LaunchScreen.storyboard; sourceTree = "<group>"; };
		D24C8800246BFC55002F7CD0 /* Info.plist */ = {isa = PBXFileReference; lastKnownFileType = text.plist.xml; path = Info.plist; sourceTree = "<group>"; };
		D24C8805246BFC56002F7CD0 /* YYMusicTests.xctest */ = {isa = PBXFileReference; explicitFileType = wrapper.cfbundle; includeInIndex = 0; path = YYMusicTests.xctest; sourceTree = BUILT_PRODUCTS_DIR; };
		D24C8809246BFC56002F7CD0 /* YYMusicTests.swift */ = {isa = PBXFileReference; lastKnownFileType = sourcecode.swift; path = YYMusicTests.swift; sourceTree = "<group>"; };
		D24C880B246BFC56002F7CD0 /* Info.plist */ = {isa = PBXFileReference; lastKnownFileType = text.plist.xml; path = Info.plist; sourceTree = "<group>"; };
		D24C8810246BFC56002F7CD0 /* YYMusicUITests.xctest */ = {isa = PBXFileReference; explicitFileType = wrapper.cfbundle; includeInIndex = 0; path = YYMusicUITests.xctest; sourceTree = BUILT_PRODUCTS_DIR; };
		D24C8814246BFC56002F7CD0 /* YYMusicUITests.swift */ = {isa = PBXFileReference; lastKnownFileType = sourcecode.swift; path = YYMusicUITests.swift; sourceTree = "<group>"; };
		D24C8816246BFC56002F7CD0 /* Info.plist */ = {isa = PBXFileReference; lastKnownFileType = text.plist.xml; path = Info.plist; sourceTree = "<group>"; };
		D24C882A246C0233002F7CD0 /* PlayerModel.swift */ = {isa = PBXFileReference; lastKnownFileType = sourcecode.swift; path = PlayerModel.swift; sourceTree = "<group>"; };
		D24C882C246C0603002F7CD0 /* NetWorkingTool.swift */ = {isa = PBXFileReference; fileEncoding = 4; lastKnownFileType = sourcecode.swift; path = NetWorkingTool.swift; sourceTree = "<group>"; };
		D24C882E246C0620002F7CD0 /* CustomHUD.swift */ = {isa = PBXFileReference; fileEncoding = 4; lastKnownFileType = sourcecode.swift; path = CustomHUD.swift; sourceTree = "<group>"; };
		D24C8830246C064B002F7CD0 /* AlamofireManager.swift */ = {isa = PBXFileReference; fileEncoding = 4; lastKnownFileType = sourcecode.swift; path = AlamofireManager.swift; sourceTree = "<group>"; };
		D24C8832246C06D4002F7CD0 /* CommonResult.swift */ = {isa = PBXFileReference; lastKnownFileType = sourcecode.swift; path = CommonResult.swift; sourceTree = "<group>"; };
		D24C8834246C07A2002F7CD0 /* RequestHelper.swift */ = {isa = PBXFileReference; lastKnownFileType = sourcecode.swift; path = RequestHelper.swift; sourceTree = "<group>"; };
		D24C883B246CF719002F7CD0 /* Common.swift */ = {isa = PBXFileReference; lastKnownFileType = sourcecode.swift; path = Common.swift; sourceTree = "<group>"; };
		D24C883D246CF779002F7CD0 /* DeviceInfo.swift */ = {isa = PBXFileReference; fileEncoding = 4; lastKnownFileType = sourcecode.swift; path = DeviceInfo.swift; sourceTree = "<group>"; };
		D24C8845246D1F2E002F7CD0 /* PlayerManager.swift */ = {isa = PBXFileReference; lastKnownFileType = sourcecode.swift; path = PlayerManager.swift; sourceTree = "<group>"; };
		D24C8847246D53F2002F7CD0 /* UserDefaultsManager.swift */ = {isa = PBXFileReference; lastKnownFileType = sourcecode.swift; path = UserDefaultsManager.swift; sourceTree = "<group>"; };
		D26D50302480E0820024EBA6 /* UIColorExtention.swift */ = {isa = PBXFileReference; lastKnownFileType = sourcecode.swift; path = UIColorExtention.swift; sourceTree = "<group>"; };
		D26D50322480F1A00024EBA6 /* MainTabBarViewController.swift */ = {isa = PBXFileReference; lastKnownFileType = sourcecode.swift; path = MainTabBarViewController.swift; sourceTree = "<group>"; };
		D26D5036248110C90024EBA6 /* InfiniteCycleView.swift */ = {isa = PBXFileReference; lastKnownFileType = sourcecode.swift; path = InfiniteCycleView.swift; sourceTree = "<group>"; };
		D26D50382484B1670024EBA6 /* MusicView.swift */ = {isa = PBXFileReference; lastKnownFileType = sourcecode.swift; path = MusicView.swift; sourceTree = "<group>"; };
		D28DACDD247F881F00D1A4AB /* SelectConfigue.swift */ = {isa = PBXFileReference; fileEncoding = 4; lastKnownFileType = sourcecode.swift; path = SelectConfigue.swift; sourceTree = "<group>"; };
		D28DACDE247F881F00D1A4AB /* TitleScrollView.swift */ = {isa = PBXFileReference; fileEncoding = 4; lastKnownFileType = sourcecode.swift; path = TitleScrollView.swift; sourceTree = "<group>"; };
		D28DACDF247F881F00D1A4AB /* PageScrollView.swift */ = {isa = PBXFileReference; fileEncoding = 4; lastKnownFileType = sourcecode.swift; path = PageScrollView.swift; sourceTree = "<group>"; };
		D2B2F48124753202007FECBF /* LyricViewController.swift */ = {isa = PBXFileReference; lastKnownFileType = sourcecode.swift; path = LyricViewController.swift; sourceTree = "<group>"; };
		D2B2F48224753202007FECBF /* LyricViewController.xib */ = {isa = PBXFileReference; lastKnownFileType = file.xib; path = LyricViewController.xib; sourceTree = "<group>"; };
		D2B2F49124767BDA007FECBF /* BaseViewController.swift */ = {isa = PBXFileReference; lastKnownFileType = sourcecode.swift; path = BaseViewController.swift; sourceTree = "<group>"; };
		D2B2F49324768CB8007FECBF /* LrcAnalyzer.swift */ = {isa = PBXFileReference; lastKnownFileType = sourcecode.swift; path = LrcAnalyzer.swift; sourceTree = "<group>"; };
		D2B2F4A3247CAAF2007FECBF /* BillListViewController.swift */ = {isa = PBXFileReference; fileEncoding = 4; lastKnownFileType = sourcecode.swift; path = BillListViewController.swift; sourceTree = "<group>"; };
		D2B2F4B0247CAB68007FECBF /* MVListViewController.swift */ = {isa = PBXFileReference; lastKnownFileType = sourcecode.swift; path = MVListViewController.swift; sourceTree = "<group>"; };
		D2B2F4B2247CABE6007FECBF /* TrackListViewController.swift */ = {isa = PBXFileReference; fileEncoding = 4; lastKnownFileType = sourcecode.swift; path = TrackListViewController.swift; sourceTree = "<group>"; };
		D2B2F4B4247CACA1007FECBF /* MVPlayViewController.swift */ = {isa = PBXFileReference; lastKnownFileType = sourcecode.swift; path = MVPlayViewController.swift; sourceTree = "<group>"; };
		D2B2F4D6247D1929007FECBF /* ZFTableViewCell.swift */ = {isa = PBXFileReference; lastKnownFileType = sourcecode.swift; path = ZFTableViewCell.swift; sourceTree = "<group>"; };
		D2B2F4D8247E017D007FECBF /* LrcLabel.swift */ = {isa = PBXFileReference; lastKnownFileType = sourcecode.swift; path = LrcLabel.swift; sourceTree = "<group>"; };
		D2D10CAE2472354A0051E3E2 /* NotificationCenterExtension.swift */ = {isa = PBXFileReference; fileEncoding = 4; lastKnownFileType = sourcecode.swift; path = NotificationCenterExtension.swift; sourceTree = "<group>"; };
		D2D10CB0247274030051E3E2 /* WHPlayerBottomView.swift */ = {isa = PBXFileReference; lastKnownFileType = sourcecode.swift; path = WHPlayerBottomView.swift; sourceTree = "<group>"; };
		D2D10CB22473B1C20051E3E2 /* BDModel.swift */ = {isa = PBXFileReference; lastKnownFileType = sourcecode.swift; path = BDModel.swift; sourceTree = "<group>"; };
		D2D10CB72473C6F70051E3E2 /* BaseNavigationViewController.swift */ = {isa = PBXFileReference; fileEncoding = 4; lastKnownFileType = sourcecode.swift; path = BaseNavigationViewController.swift; sourceTree = "<group>"; };
		D2D10CCB2474C8200051E3E2 /* MainPlayViewController.xib */ = {isa = PBXFileReference; fileEncoding = 4; lastKnownFileType = file.xib; path = MainPlayViewController.xib; sourceTree = "<group>"; };
		D2D10CCD2474C8200051E3E2 /* MainPlayViewController.swift */ = {isa = PBXFileReference; fileEncoding = 4; lastKnownFileType = sourcecode.swift; path = MainPlayViewController.swift; sourceTree = "<group>"; };
		D2D10CD32474DA4D0051E3E2 /* PlayDetailViewController.swift */ = {isa = PBXFileReference; lastKnownFileType = sourcecode.swift; path = PlayDetailViewController.swift; sourceTree = "<group>"; };
		D2D10CD42474DA4D0051E3E2 /* PlayDetailViewController.xib */ = {isa = PBXFileReference; lastKnownFileType = file.xib; path = PlayDetailViewController.xib; sourceTree = "<group>"; };
		D2D10CD72474E23D0051E3E2 /* MusicSlider.swift */ = {isa = PBXFileReference; lastKnownFileType = sourcecode.swift; path = MusicSlider.swift; sourceTree = "<group>"; };
		D2D10CD92474FB620051E3E2 /* UIViewExtention.swift */ = {isa = PBXFileReference; lastKnownFileType = sourcecode.swift; path = UIViewExtention.swift; sourceTree = "<group>"; };
		D2D10CDB247500850051E3E2 /* StringExtention.swift */ = {isa = PBXFileReference; lastKnownFileType = sourcecode.swift; path = StringExtention.swift; sourceTree = "<group>"; };
		EA6395E92ABFBAEB0ED8922F /* Pods-YYMusic.debug.xcconfig */ = {isa = PBXFileReference; includeInIndex = 1; lastKnownFileType = text.xcconfig; name = "Pods-YYMusic.debug.xcconfig"; path = "Target Support Files/Pods-YYMusic/Pods-YYMusic.debug.xcconfig"; sourceTree = "<group>"; };
/* End PBXFileReference section */

/* Begin PBXFrameworksBuildPhase section */
		D24C87EC246BFC53002F7CD0 /* Frameworks */ = {
			isa = PBXFrameworksBuildPhase;
			buildActionMask = 2147483647;
			files = (
				427166BF0F117ED00CDE1779 /* Pods_YYMusic.framework in Frameworks */,
			);
			runOnlyForDeploymentPostprocessing = 0;
		};
		D24C8802246BFC56002F7CD0 /* Frameworks */ = {
			isa = PBXFrameworksBuildPhase;
			buildActionMask = 2147483647;
			files = (
				51438C63A32E7F7993FE73D6 /* Pods_YYMusicTests.framework in Frameworks */,
			);
			runOnlyForDeploymentPostprocessing = 0;
		};
		D24C880D246BFC56002F7CD0 /* Frameworks */ = {
			isa = PBXFrameworksBuildPhase;
			buildActionMask = 2147483647;
			files = (
				FDA441EDDD14766985AEC842 /* Pods_YYMusic_YYMusicUITests.framework in Frameworks */,
			);
			runOnlyForDeploymentPostprocessing = 0;
		};
/* End PBXFrameworksBuildPhase section */

/* Begin PBXGroup section */
		8D78273D1A5D54C6CDB5E5DD /* Frameworks */ = {
			isa = PBXGroup;
			children = (
				5D60A01B8CB662060C6F9FC0 /* Pods_YYMusic.framework */,
				97C1BAE0E5551F8CC9F1A468 /* Pods_YYMusic_YYMusicUITests.framework */,
				3D83E04A635442EFB0FE1C20 /* Pods_YYMusicTests.framework */,
			);
			name = Frameworks;
			sourceTree = "<group>";
		};
		BFAECB74F416FDBF27FC812E /* Pods */ = {
			isa = PBXGroup;
			children = (
				EA6395E92ABFBAEB0ED8922F /* Pods-YYMusic.debug.xcconfig */,
				2C256EF94674FD176E795252 /* Pods-YYMusic.release.xcconfig */,
				730EE4DE633266EA9F10763C /* Pods-YYMusic-YYMusicUITests.debug.xcconfig */,
				375C3FFA3DF9533D44A391F8 /* Pods-YYMusic-YYMusicUITests.release.xcconfig */,
				0F0DB9F537D6B4FBF9BF79F2 /* Pods-YYMusicTests.debug.xcconfig */,
				621AA26CE38EEA5E496C5CD3 /* Pods-YYMusicTests.release.xcconfig */,
			);
			path = Pods;
			sourceTree = "<group>";
		};
		D24C87E6246BFC53002F7CD0 = {
			isa = PBXGroup;
			children = (
				D24C87F1246BFC53002F7CD0 /* YYMusic */,
				D24C8808246BFC56002F7CD0 /* YYMusicTests */,
				D24C8813246BFC56002F7CD0 /* YYMusicUITests */,
				D24C87F0246BFC53002F7CD0 /* Products */,
				BFAECB74F416FDBF27FC812E /* Pods */,
				8D78273D1A5D54C6CDB5E5DD /* Frameworks */,
			);
			sourceTree = "<group>";
		};
		D24C87F0246BFC53002F7CD0 /* Products */ = {
			isa = PBXGroup;
			children = (
				D24C87EF246BFC53002F7CD0 /* YYMusic.app */,
				D24C8805246BFC56002F7CD0 /* YYMusicTests.xctest */,
				D24C8810246BFC56002F7CD0 /* YYMusicUITests.xctest */,
			);
			name = Products;
			sourceTree = "<group>";
		};
		D24C87F1246BFC53002F7CD0 /* YYMusic */ = {
			isa = PBXGroup;
			children = (
				D24C87F2246BFC53002F7CD0 /* AppDelegate.swift */,
				D24C87F8246BFC53002F7CD0 /* Main.storyboard */,
				D24C87FB246BFC55002F7CD0 /* Assets.xcassets */,
				D24C87FD246BFC55002F7CD0 /* LaunchScreen.storyboard */,
				D24C8800246BFC55002F7CD0 /* Info.plist */,
				D2D10CB62473C6F70051E3E2 /* Main */,
				D24C8838246CF237002F7CD0 /* View */,
				D24C8825246C0203002F7CD0 /* Controller */,
				D24C8824246C0203002F7CD0 /* Model */,
				D24C8827246C0203002F7CD0 /* NetWork */,
				D24C8828246C0203002F7CD0 /* Tools */,
				D2D10CAD2472354A0051E3E2 /* Extension */,
			);
			path = YYMusic;
			sourceTree = "<group>";
		};
		D24C8808246BFC56002F7CD0 /* YYMusicTests */ = {
			isa = PBXGroup;
			children = (
				D24C8809246BFC56002F7CD0 /* YYMusicTests.swift */,
				D24C880B246BFC56002F7CD0 /* Info.plist */,
			);
			path = YYMusicTests;
			sourceTree = "<group>";
		};
		D24C8813246BFC56002F7CD0 /* YYMusicUITests */ = {
			isa = PBXGroup;
			children = (
				D24C8814246BFC56002F7CD0 /* YYMusicUITests.swift */,
				D24C8816246BFC56002F7CD0 /* Info.plist */,
			);
			path = YYMusicUITests;
			sourceTree = "<group>";
		};
		D24C8824246C0203002F7CD0 /* Model */ = {
			isa = PBXGroup;
			children = (
				D24C882A246C0233002F7CD0 /* PlayerModel.swift */,
				D24C8832246C06D4002F7CD0 /* CommonResult.swift */,
				D2D10CB22473B1C20051E3E2 /* BDModel.swift */,
			);
			path = Model;
			sourceTree = "<group>";
		};
		D24C8825246C0203002F7CD0 /* Controller */ = {
			isa = PBXGroup;
			children = (
				D2B2F4A2247CAAF2007FECBF /* 首页 */,
				D2B2F4A6247CAAF2007FECBF /* 我的 */,
			);
			path = Controller;
			sourceTree = "<group>";
		};
		D24C8827246C0203002F7CD0 /* NetWork */ = {
			isa = PBXGroup;
			children = (
				D24C8830246C064B002F7CD0 /* AlamofireManager.swift */,
				D24C882C246C0603002F7CD0 /* NetWorkingTool.swift */,
				D24C8834246C07A2002F7CD0 /* RequestHelper.swift */,
			);
			path = NetWork;
			sourceTree = "<group>";
		};
		D24C8828246C0203002F7CD0 /* Tools */ = {
			isa = PBXGroup;
			children = (
				D2D10CCA2474C8200051E3E2 /* PlayTools */,
				D24C883D246CF779002F7CD0 /* DeviceInfo.swift */,
				D24C882E246C0620002F7CD0 /* CustomHUD.swift */,
				D24C883B246CF719002F7CD0 /* Common.swift */,
				D24C8845246D1F2E002F7CD0 /* PlayerManager.swift */,
				D24C8847246D53F2002F7CD0 /* UserDefaultsManager.swift */,
				D28DACDC247F881F00D1A4AB /* PageView */,
			);
			path = Tools;
			sourceTree = "<group>";
		};
		D24C8838246CF237002F7CD0 /* View */ = {
			isa = PBXGroup;
			children = (
				D2D10CB0247274030051E3E2 /* WHPlayerBottomView.swift */,
				D2B2F4D6247D1929007FECBF /* ZFTableViewCell.swift */,
				D2B2F4D8247E017D007FECBF /* LrcLabel.swift */,
				D26D5036248110C90024EBA6 /* InfiniteCycleView.swift */,
				D26D50382484B1670024EBA6 /* MusicView.swift */,
			);
			path = View;
			sourceTree = "<group>";
		};
		D28DACDC247F881F00D1A4AB /* PageView */ = {
			isa = PBXGroup;
			children = (
				D28DACDD247F881F00D1A4AB /* SelectConfigue.swift */,
				D28DACDE247F881F00D1A4AB /* TitleScrollView.swift */,
				D28DACDF247F881F00D1A4AB /* PageScrollView.swift */,
			);
			path = PageView;
			sourceTree = "<group>";
		};
		D2B2F4A2247CAAF2007FECBF /* 首页 */ = {
			isa = PBXGroup;
			children = (
				D2B2F4A3247CAAF2007FECBF /* BillListViewController.swift */,
				D2B2F4B2247CABE6007FECBF /* TrackListViewController.swift */,
			);
			path = "首页";
			sourceTree = "<group>";
		};
		D2B2F4A6247CAAF2007FECBF /* 我的 */ = {
			isa = PBXGroup;
			children = (
				D2B2F4B0247CAB68007FECBF /* MVListViewController.swift */,
				D2B2F4B4247CACA1007FECBF /* MVPlayViewController.swift */,
			);
			path = "我的";
			sourceTree = "<group>";
		};
		D2D10CAD2472354A0051E3E2 /* Extension */ = {
			isa = PBXGroup;
			children = (
				D2D10CAE2472354A0051E3E2 /* NotificationCenterExtension.swift */,
				D2D10CD92474FB620051E3E2 /* UIViewExtention.swift */,
				D2D10CDB247500850051E3E2 /* StringExtention.swift */,
				D26D50302480E0820024EBA6 /* UIColorExtention.swift */,
			);
			path = Extension;
			sourceTree = "<group>";
		};
		D2D10CB62473C6F70051E3E2 /* Main */ = {
			isa = PBXGroup;
			children = (
				D2B2F49124767BDA007FECBF /* BaseViewController.swift */,
				D2D10CB72473C6F70051E3E2 /* BaseNavigationViewController.swift */,
				D26D50322480F1A00024EBA6 /* MainTabBarViewController.swift */,
			);
			path = Main;
			sourceTree = "<group>";
		};
		D2D10CCA2474C8200051E3E2 /* PlayTools */ = {
			isa = PBXGroup;
			children = (
				D2D10CCD2474C8200051E3E2 /* MainPlayViewController.swift */,
				D2D10CCB2474C8200051E3E2 /* MainPlayViewController.xib */,
				D2D10CD32474DA4D0051E3E2 /* PlayDetailViewController.swift */,
				D2D10CD42474DA4D0051E3E2 /* PlayDetailViewController.xib */,
				D2B2F48124753202007FECBF /* LyricViewController.swift */,
				D2B2F48224753202007FECBF /* LyricViewController.xib */,
				D2D10CD72474E23D0051E3E2 /* MusicSlider.swift */,
				D2B2F49324768CB8007FECBF /* LrcAnalyzer.swift */,
			);
			path = PlayTools;
			sourceTree = "<group>";
		};
/* End PBXGroup section */

/* Begin PBXNativeTarget section */
		D24C87EE246BFC53002F7CD0 /* YYMusic */ = {
			isa = PBXNativeTarget;
			buildConfigurationList = D24C8819246BFC56002F7CD0 /* Build configuration list for PBXNativeTarget "YYMusic" */;
			buildPhases = (
				E7307DCC35B1295D1ECD58D4 /* [CP] Check Pods Manifest.lock */,
				D24C87EB246BFC53002F7CD0 /* Sources */,
				D24C87EC246BFC53002F7CD0 /* Frameworks */,
				D24C87ED246BFC53002F7CD0 /* Resources */,
				60B952AD6472848E55D16151 /* [CP] Embed Pods Frameworks */,
				D906281A6E6C246095AC86A5 /* [CP] Copy Pods Resources */,
			);
			buildRules = (
			);
			dependencies = (
			);
			name = YYMusic;
			productName = YYMusic;
			productReference = D24C87EF246BFC53002F7CD0 /* YYMusic.app */;
			productType = "com.apple.product-type.application";
		};
		D24C8804246BFC56002F7CD0 /* YYMusicTests */ = {
			isa = PBXNativeTarget;
			buildConfigurationList = D24C881C246BFC56002F7CD0 /* Build configuration list for PBXNativeTarget "YYMusicTests" */;
			buildPhases = (
				46B3287526F6ED8F6DCFC256 /* [CP] Check Pods Manifest.lock */,
				D24C8801246BFC56002F7CD0 /* Sources */,
				D24C8802246BFC56002F7CD0 /* Frameworks */,
				D24C8803246BFC56002F7CD0 /* Resources */,
			);
			buildRules = (
			);
			dependencies = (
				D24C8807246BFC56002F7CD0 /* PBXTargetDependency */,
			);
			name = YYMusicTests;
			productName = YYMusicTests;
			productReference = D24C8805246BFC56002F7CD0 /* YYMusicTests.xctest */;
			productType = "com.apple.product-type.bundle.unit-test";
		};
		D24C880F246BFC56002F7CD0 /* YYMusicUITests */ = {
			isa = PBXNativeTarget;
			buildConfigurationList = D24C881F246BFC56002F7CD0 /* Build configuration list for PBXNativeTarget "YYMusicUITests" */;
			buildPhases = (
				97053526F0CA8CFA05A55652 /* [CP] Check Pods Manifest.lock */,
				D24C880C246BFC56002F7CD0 /* Sources */,
				D24C880D246BFC56002F7CD0 /* Frameworks */,
				D24C880E246BFC56002F7CD0 /* Resources */,
				3891CA253E8581BD14FEEBCD /* [CP] Embed Pods Frameworks */,
				A4559CFF693C3FA2AA7ADC42 /* [CP] Copy Pods Resources */,
			);
			buildRules = (
			);
			dependencies = (
				D24C8812246BFC56002F7CD0 /* PBXTargetDependency */,
			);
			name = YYMusicUITests;
			productName = YYMusicUITests;
			productReference = D24C8810246BFC56002F7CD0 /* YYMusicUITests.xctest */;
			productType = "com.apple.product-type.bundle.ui-testing";
		};
/* End PBXNativeTarget section */

/* Begin PBXProject section */
		D24C87E7246BFC53002F7CD0 /* Project object */ = {
			isa = PBXProject;
			attributes = {
				LastSwiftUpdateCheck = 1140;
				LastUpgradeCheck = 1140;
				ORGANIZATIONNAME = haoge;
				TargetAttributes = {
					D24C87EE246BFC53002F7CD0 = {
						CreatedOnToolsVersion = 11.4.1;
					};
					D24C8804246BFC56002F7CD0 = {
						CreatedOnToolsVersion = 11.4.1;
						TestTargetID = D24C87EE246BFC53002F7CD0;
					};
					D24C880F246BFC56002F7CD0 = {
						CreatedOnToolsVersion = 11.4.1;
						TestTargetID = D24C87EE246BFC53002F7CD0;
					};
				};
			};
			buildConfigurationList = D24C87EA246BFC53002F7CD0 /* Build configuration list for PBXProject "YYMusic" */;
			compatibilityVersion = "Xcode 9.3";
			developmentRegion = en;
			hasScannedForEncodings = 0;
			knownRegions = (
				en,
				Base,
			);
			mainGroup = D24C87E6246BFC53002F7CD0;
			productRefGroup = D24C87F0246BFC53002F7CD0 /* Products */;
			projectDirPath = "";
			projectRoot = "";
			targets = (
				D24C87EE246BFC53002F7CD0 /* YYMusic */,
				D24C8804246BFC56002F7CD0 /* YYMusicTests */,
				D24C880F246BFC56002F7CD0 /* YYMusicUITests */,
			);
		};
/* End PBXProject section */

/* Begin PBXResourcesBuildPhase section */
		D24C87ED246BFC53002F7CD0 /* Resources */ = {
			isa = PBXResourcesBuildPhase;
			buildActionMask = 2147483647;
			files = (
				D2B2F48424753202007FECBF /* LyricViewController.xib in Resources */,
				D24C87FF246BFC55002F7CD0 /* LaunchScreen.storyboard in Resources */,
				D24C87FC246BFC55002F7CD0 /* Assets.xcassets in Resources */,
				D24C87FA246BFC53002F7CD0 /* Main.storyboard in Resources */,
				D2D10CCE2474C8200051E3E2 /* MainPlayViewController.xib in Resources */,
				D2D10CD62474DA4D0051E3E2 /* PlayDetailViewController.xib in Resources */,
			);
			runOnlyForDeploymentPostprocessing = 0;
		};
		D24C8803246BFC56002F7CD0 /* Resources */ = {
			isa = PBXResourcesBuildPhase;
			buildActionMask = 2147483647;
			files = (
			);
			runOnlyForDeploymentPostprocessing = 0;
		};
		D24C880E246BFC56002F7CD0 /* Resources */ = {
			isa = PBXResourcesBuildPhase;
			buildActionMask = 2147483647;
			files = (
			);
			runOnlyForDeploymentPostprocessing = 0;
		};
/* End PBXResourcesBuildPhase section */

/* Begin PBXShellScriptBuildPhase section */
		3891CA253E8581BD14FEEBCD /* [CP] Embed Pods Frameworks */ = {
			isa = PBXShellScriptBuildPhase;
			buildActionMask = 2147483647;
			files = (
			);
			inputFileListPaths = (
				"${PODS_ROOT}/Target Support Files/Pods-YYMusic-YYMusicUITests/Pods-YYMusic-YYMusicUITests-frameworks-${CONFIGURATION}-input-files.xcfilelist",
			);
			name = "[CP] Embed Pods Frameworks";
			outputFileListPaths = (
				"${PODS_ROOT}/Target Support Files/Pods-YYMusic-YYMusicUITests/Pods-YYMusic-YYMusicUITests-frameworks-${CONFIGURATION}-output-files.xcfilelist",
			);
			runOnlyForDeploymentPostprocessing = 0;
			shellPath = /bin/sh;
			shellScript = "\"${PODS_ROOT}/Target Support Files/Pods-YYMusic-YYMusicUITests/Pods-YYMusic-YYMusicUITests-frameworks.sh\"\n";
			showEnvVarsInLog = 0;
		};
		46B3287526F6ED8F6DCFC256 /* [CP] Check Pods Manifest.lock */ = {
			isa = PBXShellScriptBuildPhase;
			buildActionMask = 2147483647;
			files = (
			);
			inputFileListPaths = (
			);
			inputPaths = (
				"${PODS_PODFILE_DIR_PATH}/Podfile.lock",
				"${PODS_ROOT}/Manifest.lock",
			);
			name = "[CP] Check Pods Manifest.lock";
			outputFileListPaths = (
			);
			outputPaths = (
				"$(DERIVED_FILE_DIR)/Pods-YYMusicTests-checkManifestLockResult.txt",
			);
			runOnlyForDeploymentPostprocessing = 0;
			shellPath = /bin/sh;
			shellScript = "diff \"${PODS_PODFILE_DIR_PATH}/Podfile.lock\" \"${PODS_ROOT}/Manifest.lock\" > /dev/null\nif [ $? != 0 ] ; then\n    # print error to STDERR\n    echo \"error: The sandbox is not in sync with the Podfile.lock. Run 'pod install' or update your CocoaPods installation.\" >&2\n    exit 1\nfi\n# This output is used by Xcode 'outputs' to avoid re-running this script phase.\necho \"SUCCESS\" > \"${SCRIPT_OUTPUT_FILE_0}\"\n";
			showEnvVarsInLog = 0;
		};
		60B952AD6472848E55D16151 /* [CP] Embed Pods Frameworks */ = {
			isa = PBXShellScriptBuildPhase;
			buildActionMask = 2147483647;
			files = (
			);
			inputFileListPaths = (
				"${PODS_ROOT}/Target Support Files/Pods-YYMusic/Pods-YYMusic-frameworks-${CONFIGURATION}-input-files.xcfilelist",
			);
			name = "[CP] Embed Pods Frameworks";
			outputFileListPaths = (
				"${PODS_ROOT}/Target Support Files/Pods-YYMusic/Pods-YYMusic-frameworks-${CONFIGURATION}-output-files.xcfilelist",
			);
			runOnlyForDeploymentPostprocessing = 0;
			shellPath = /bin/sh;
			shellScript = "\"${PODS_ROOT}/Target Support Files/Pods-YYMusic/Pods-YYMusic-frameworks.sh\"\n";
			showEnvVarsInLog = 0;
		};
		97053526F0CA8CFA05A55652 /* [CP] Check Pods Manifest.lock */ = {
			isa = PBXShellScriptBuildPhase;
			buildActionMask = 2147483647;
			files = (
			);
			inputFileListPaths = (
			);
			inputPaths = (
				"${PODS_PODFILE_DIR_PATH}/Podfile.lock",
				"${PODS_ROOT}/Manifest.lock",
			);
			name = "[CP] Check Pods Manifest.lock";
			outputFileListPaths = (
			);
			outputPaths = (
				"$(DERIVED_FILE_DIR)/Pods-YYMusic-YYMusicUITests-checkManifestLockResult.txt",
			);
			runOnlyForDeploymentPostprocessing = 0;
			shellPath = /bin/sh;
			shellScript = "diff \"${PODS_PODFILE_DIR_PATH}/Podfile.lock\" \"${PODS_ROOT}/Manifest.lock\" > /dev/null\nif [ $? != 0 ] ; then\n    # print error to STDERR\n    echo \"error: The sandbox is not in sync with the Podfile.lock. Run 'pod install' or update your CocoaPods installation.\" >&2\n    exit 1\nfi\n# This output is used by Xcode 'outputs' to avoid re-running this script phase.\necho \"SUCCESS\" > \"${SCRIPT_OUTPUT_FILE_0}\"\n";
			showEnvVarsInLog = 0;
		};
		A4559CFF693C3FA2AA7ADC42 /* [CP] Copy Pods Resources */ = {
			isa = PBXShellScriptBuildPhase;
			buildActionMask = 2147483647;
			files = (
			);
			inputFileListPaths = (
				"${PODS_ROOT}/Target Support Files/Pods-YYMusic-YYMusicUITests/Pods-YYMusic-YYMusicUITests-resources-${CONFIGURATION}-input-files.xcfilelist",
			);
			name = "[CP] Copy Pods Resources";
			outputFileListPaths = (
				"${PODS_ROOT}/Target Support Files/Pods-YYMusic-YYMusicUITests/Pods-YYMusic-YYMusicUITests-resources-${CONFIGURATION}-output-files.xcfilelist",
			);
			runOnlyForDeploymentPostprocessing = 0;
			shellPath = /bin/sh;
			shellScript = "\"${PODS_ROOT}/Target Support Files/Pods-YYMusic-YYMusicUITests/Pods-YYMusic-YYMusicUITests-resources.sh\"\n";
			showEnvVarsInLog = 0;
		};
		D906281A6E6C246095AC86A5 /* [CP] Copy Pods Resources */ = {
			isa = PBXShellScriptBuildPhase;
			buildActionMask = 2147483647;
			files = (
			);
			inputFileListPaths = (
				"${PODS_ROOT}/Target Support Files/Pods-YYMusic/Pods-YYMusic-resources-${CONFIGURATION}-input-files.xcfilelist",
			);
			name = "[CP] Copy Pods Resources";
			outputFileListPaths = (
				"${PODS_ROOT}/Target Support Files/Pods-YYMusic/Pods-YYMusic-resources-${CONFIGURATION}-output-files.xcfilelist",
			);
			runOnlyForDeploymentPostprocessing = 0;
			shellPath = /bin/sh;
			shellScript = "\"${PODS_ROOT}/Target Support Files/Pods-YYMusic/Pods-YYMusic-resources.sh\"\n";
			showEnvVarsInLog = 0;
		};
		E7307DCC35B1295D1ECD58D4 /* [CP] Check Pods Manifest.lock */ = {
			isa = PBXShellScriptBuildPhase;
			buildActionMask = 2147483647;
			files = (
			);
			inputFileListPaths = (
			);
			inputPaths = (
				"${PODS_PODFILE_DIR_PATH}/Podfile.lock",
				"${PODS_ROOT}/Manifest.lock",
			);
			name = "[CP] Check Pods Manifest.lock";
			outputFileListPaths = (
			);
			outputPaths = (
				"$(DERIVED_FILE_DIR)/Pods-YYMusic-checkManifestLockResult.txt",
			);
			runOnlyForDeploymentPostprocessing = 0;
			shellPath = /bin/sh;
			shellScript = "diff \"${PODS_PODFILE_DIR_PATH}/Podfile.lock\" \"${PODS_ROOT}/Manifest.lock\" > /dev/null\nif [ $? != 0 ] ; then\n    # print error to STDERR\n    echo \"error: The sandbox is not in sync with the Podfile.lock. Run 'pod install' or update your CocoaPods installation.\" >&2\n    exit 1\nfi\n# This output is used by Xcode 'outputs' to avoid re-running this script phase.\necho \"SUCCESS\" > \"${SCRIPT_OUTPUT_FILE_0}\"\n";
			showEnvVarsInLog = 0;
		};
/* End PBXShellScriptBuildPhase section */

/* Begin PBXSourcesBuildPhase section */
		D24C87EB246BFC53002F7CD0 /* Sources */ = {
			isa = PBXSourcesBuildPhase;
			buildActionMask = 2147483647;
			files = (
				D28DACE0247F881F00D1A4AB /* SelectConfigue.swift in Sources */,
				D2B2F49224767BDA007FECBF /* BaseViewController.swift in Sources */,
				D24C882B246C0233002F7CD0 /* PlayerModel.swift in Sources */,
				D24C8833246C06D4002F7CD0 /* CommonResult.swift in Sources */,
				D2D10CDC247500850051E3E2 /* StringExtention.swift in Sources */,
				D24C882D246C0603002F7CD0 /* NetWorkingTool.swift in Sources */,
				D2D10CAF2472354A0051E3E2 /* NotificationCenterExtension.swift in Sources */,
				D2B2F4B3247CABE6007FECBF /* TrackListViewController.swift in Sources */,
				D24C883C246CF719002F7CD0 /* Common.swift in Sources */,
				D26D50332480F1A00024EBA6 /* MainTabBarViewController.swift in Sources */,
				D2B2F4A9247CAAF2007FECBF /* BillListViewController.swift in Sources */,
				D24C87F3246BFC53002F7CD0 /* AppDelegate.swift in Sources */,
				D2B2F4B5247CACA1007FECBF /* MVPlayViewController.swift in Sources */,
				D28DACE2247F881F00D1A4AB /* PageScrollView.swift in Sources */,
				D26D5037248110C90024EBA6 /* InfiniteCycleView.swift in Sources */,
				D2D10CB32473B1C20051E3E2 /* BDModel.swift in Sources */,
				D2D10CB92473C6F70051E3E2 /* BaseNavigationViewController.swift in Sources */,
				D2D10CD52474DA4D0051E3E2 /* PlayDetailViewController.swift in Sources */,
				D24C883E246CF779002F7CD0 /* DeviceInfo.swift in Sources */,
				D26D50392484B1670024EBA6 /* MusicView.swift in Sources */,
				D2D10CD02474C8200051E3E2 /* MainPlayViewController.swift in Sources */,
				D2B2F4B1247CAB68007FECBF /* MVListViewController.swift in Sources */,
				D2D10CDA2474FB620051E3E2 /* UIViewExtention.swift in Sources */,
				D2B2F4D7247D1929007FECBF /* ZFTableViewCell.swift in Sources */,
				D24C8831246C064B002F7CD0 /* AlamofireManager.swift in Sources */,
				D2B2F4D9247E017D007FECBF /* LrcLabel.swift in Sources */,
				D2B2F49424768CB8007FECBF /* LrcAnalyzer.swift in Sources */,
				D24C8846246D1F2E002F7CD0 /* PlayerManager.swift in Sources */,
				D26D50312480E0820024EBA6 /* UIColorExtention.swift in Sources */,
				D28DACE1247F881F00D1A4AB /* TitleScrollView.swift in Sources */,
				D24C8848246D53F2002F7CD0 /* UserDefaultsManager.swift in Sources */,
				D24C882F246C0620002F7CD0 /* CustomHUD.swift in Sources */,
				D2D10CB1247274030051E3E2 /* WHPlayerBottomView.swift in Sources */,
				D2D10CD82474E23D0051E3E2 /* MusicSlider.swift in Sources */,
				D2B2F48324753202007FECBF /* LyricViewController.swift in Sources */,
				D24C8835246C07A2002F7CD0 /* RequestHelper.swift in Sources */,
			);
			runOnlyForDeploymentPostprocessing = 0;
		};
		D24C8801246BFC56002F7CD0 /* Sources */ = {
			isa = PBXSourcesBuildPhase;
			buildActionMask = 2147483647;
			files = (
				D24C880A246BFC56002F7CD0 /* YYMusicTests.swift in Sources */,
			);
			runOnlyForDeploymentPostprocessing = 0;
		};
		D24C880C246BFC56002F7CD0 /* Sources */ = {
			isa = PBXSourcesBuildPhase;
			buildActionMask = 2147483647;
			files = (
				D24C8815246BFC56002F7CD0 /* YYMusicUITests.swift in Sources */,
			);
			runOnlyForDeploymentPostprocessing = 0;
		};
/* End PBXSourcesBuildPhase section */

/* Begin PBXTargetDependency section */
		D24C8807246BFC56002F7CD0 /* PBXTargetDependency */ = {
			isa = PBXTargetDependency;
			target = D24C87EE246BFC53002F7CD0 /* YYMusic */;
			targetProxy = D24C8806246BFC56002F7CD0 /* PBXContainerItemProxy */;
		};
		D24C8812246BFC56002F7CD0 /* PBXTargetDependency */ = {
			isa = PBXTargetDependency;
			target = D24C87EE246BFC53002F7CD0 /* YYMusic */;
			targetProxy = D24C8811246BFC56002F7CD0 /* PBXContainerItemProxy */;
		};
/* End PBXTargetDependency section */

/* Begin PBXVariantGroup section */
		D24C87F8246BFC53002F7CD0 /* Main.storyboard */ = {
			isa = PBXVariantGroup;
			children = (
				D24C87F9246BFC53002F7CD0 /* Base */,
			);
			name = Main.storyboard;
			sourceTree = "<group>";
		};
		D24C87FD246BFC55002F7CD0 /* LaunchScreen.storyboard */ = {
			isa = PBXVariantGroup;
			children = (
				D24C87FE246BFC55002F7CD0 /* Base */,
			);
			name = LaunchScreen.storyboard;
			sourceTree = "<group>";
		};
/* End PBXVariantGroup section */

/* Begin XCBuildConfiguration section */
		D24C8817246BFC56002F7CD0 /* Debug */ = {
			isa = XCBuildConfiguration;
			buildSettings = {
				ALWAYS_SEARCH_USER_PATHS = NO;
				CLANG_ANALYZER_NONNULL = YES;
				CLANG_ANALYZER_NUMBER_OBJECT_CONVERSION = YES_AGGRESSIVE;
				CLANG_CXX_LANGUAGE_STANDARD = "gnu++14";
				CLANG_CXX_LIBRARY = "libc++";
				CLANG_ENABLE_MODULES = YES;
				CLANG_ENABLE_OBJC_ARC = YES;
				CLANG_ENABLE_OBJC_WEAK = YES;
				CLANG_WARN_BLOCK_CAPTURE_AUTORELEASING = YES;
				CLANG_WARN_BOOL_CONVERSION = YES;
				CLANG_WARN_COMMA = YES;
				CLANG_WARN_CONSTANT_CONVERSION = YES;
				CLANG_WARN_DEPRECATED_OBJC_IMPLEMENTATIONS = YES;
				CLANG_WARN_DIRECT_OBJC_ISA_USAGE = YES_ERROR;
				CLANG_WARN_DOCUMENTATION_COMMENTS = YES;
				CLANG_WARN_EMPTY_BODY = YES;
				CLANG_WARN_ENUM_CONVERSION = YES;
				CLANG_WARN_INFINITE_RECURSION = YES;
				CLANG_WARN_INT_CONVERSION = YES;
				CLANG_WARN_NON_LITERAL_NULL_CONVERSION = YES;
				CLANG_WARN_OBJC_IMPLICIT_RETAIN_SELF = YES;
				CLANG_WARN_OBJC_LITERAL_CONVERSION = YES;
				CLANG_WARN_OBJC_ROOT_CLASS = YES_ERROR;
				CLANG_WARN_RANGE_LOOP_ANALYSIS = YES;
				CLANG_WARN_STRICT_PROTOTYPES = YES;
				CLANG_WARN_SUSPICIOUS_MOVE = YES;
				CLANG_WARN_UNGUARDED_AVAILABILITY = YES_AGGRESSIVE;
				CLANG_WARN_UNREACHABLE_CODE = YES;
				CLANG_WARN__DUPLICATE_METHOD_MATCH = YES;
				COPY_PHASE_STRIP = NO;
				DEBUG_INFORMATION_FORMAT = dwarf;
				ENABLE_STRICT_OBJC_MSGSEND = YES;
				ENABLE_TESTABILITY = YES;
				GCC_C_LANGUAGE_STANDARD = gnu11;
				GCC_DYNAMIC_NO_PIC = NO;
				GCC_NO_COMMON_BLOCKS = YES;
				GCC_OPTIMIZATION_LEVEL = 0;
				GCC_PREPROCESSOR_DEFINITIONS = (
					"DEBUG=1",
					"$(inherited)",
				);
				GCC_WARN_64_TO_32_BIT_CONVERSION = YES;
				GCC_WARN_ABOUT_RETURN_TYPE = YES_ERROR;
				GCC_WARN_UNDECLARED_SELECTOR = YES;
				GCC_WARN_UNINITIALIZED_AUTOS = YES_AGGRESSIVE;
				GCC_WARN_UNUSED_FUNCTION = YES;
				GCC_WARN_UNUSED_VARIABLE = YES;
				IPHONEOS_DEPLOYMENT_TARGET = 10.0;
				MTL_ENABLE_DEBUG_INFO = INCLUDE_SOURCE;
				MTL_FAST_MATH = YES;
				ONLY_ACTIVE_ARCH = YES;
				SDKROOT = iphoneos;
				SWIFT_ACTIVE_COMPILATION_CONDITIONS = DEBUG;
				SWIFT_OPTIMIZATION_LEVEL = "-Onone";
			};
			name = Debug;
		};
		D24C8818246BFC56002F7CD0 /* Release */ = {
			isa = XCBuildConfiguration;
			buildSettings = {
				ALWAYS_SEARCH_USER_PATHS = NO;
				CLANG_ANALYZER_NONNULL = YES;
				CLANG_ANALYZER_NUMBER_OBJECT_CONVERSION = YES_AGGRESSIVE;
				CLANG_CXX_LANGUAGE_STANDARD = "gnu++14";
				CLANG_CXX_LIBRARY = "libc++";
				CLANG_ENABLE_MODULES = YES;
				CLANG_ENABLE_OBJC_ARC = YES;
				CLANG_ENABLE_OBJC_WEAK = YES;
				CLANG_WARN_BLOCK_CAPTURE_AUTORELEASING = YES;
				CLANG_WARN_BOOL_CONVERSION = YES;
				CLANG_WARN_COMMA = YES;
				CLANG_WARN_CONSTANT_CONVERSION = YES;
				CLANG_WARN_DEPRECATED_OBJC_IMPLEMENTATIONS = YES;
				CLANG_WARN_DIRECT_OBJC_ISA_USAGE = YES_ERROR;
				CLANG_WARN_DOCUMENTATION_COMMENTS = YES;
				CLANG_WARN_EMPTY_BODY = YES;
				CLANG_WARN_ENUM_CONVERSION = YES;
				CLANG_WARN_INFINITE_RECURSION = YES;
				CLANG_WARN_INT_CONVERSION = YES;
				CLANG_WARN_NON_LITERAL_NULL_CONVERSION = YES;
				CLANG_WARN_OBJC_IMPLICIT_RETAIN_SELF = YES;
				CLANG_WARN_OBJC_LITERAL_CONVERSION = YES;
				CLANG_WARN_OBJC_ROOT_CLASS = YES_ERROR;
				CLANG_WARN_RANGE_LOOP_ANALYSIS = YES;
				CLANG_WARN_STRICT_PROTOTYPES = YES;
				CLANG_WARN_SUSPICIOUS_MOVE = YES;
				CLANG_WARN_UNGUARDED_AVAILABILITY = YES_AGGRESSIVE;
				CLANG_WARN_UNREACHABLE_CODE = YES;
				CLANG_WARN__DUPLICATE_METHOD_MATCH = YES;
				COPY_PHASE_STRIP = NO;
				DEBUG_INFORMATION_FORMAT = "dwarf-with-dsym";
				ENABLE_NS_ASSERTIONS = NO;
				ENABLE_STRICT_OBJC_MSGSEND = YES;
				GCC_C_LANGUAGE_STANDARD = gnu11;
				GCC_NO_COMMON_BLOCKS = YES;
				GCC_WARN_64_TO_32_BIT_CONVERSION = YES;
				GCC_WARN_ABOUT_RETURN_TYPE = YES_ERROR;
				GCC_WARN_UNDECLARED_SELECTOR = YES;
				GCC_WARN_UNINITIALIZED_AUTOS = YES_AGGRESSIVE;
				GCC_WARN_UNUSED_FUNCTION = YES;
				GCC_WARN_UNUSED_VARIABLE = YES;
				IPHONEOS_DEPLOYMENT_TARGET = 10.0;
				MTL_ENABLE_DEBUG_INFO = NO;
				MTL_FAST_MATH = YES;
				SDKROOT = iphoneos;
				SWIFT_COMPILATION_MODE = wholemodule;
				SWIFT_OPTIMIZATION_LEVEL = "-O";
				VALIDATE_PRODUCT = YES;
			};
			name = Release;
		};
		D24C881A246BFC56002F7CD0 /* Debug */ = {
			isa = XCBuildConfiguration;
			baseConfigurationReference = EA6395E92ABFBAEB0ED8922F /* Pods-YYMusic.debug.xcconfig */;
			buildSettings = {
				ASSETCATALOG_COMPILER_APPICON_NAME = AppIcon;
				CODE_SIGN_STYLE = Automatic;
				DEVELOPMENT_TEAM = 756FYS2Z5Z;
				INFOPLIST_FILE = YYMusic/Info.plist;
				IPHONEOS_DEPLOYMENT_TARGET = 10.0;
				LD_RUNPATH_SEARCH_PATHS = (
					"$(inherited)",
					"@executable_path/Frameworks",
				);
				PRODUCT_BUNDLE_IDENTIFIER = haohao.com.YYMusic.c;
				PRODUCT_NAME = "$(TARGET_NAME)";
				SWIFT_VERSION = 5.0;
				TARGETED_DEVICE_FAMILY = 1;
			};
			name = Debug;
		};
		D24C881B246BFC56002F7CD0 /* Release */ = {
			isa = XCBuildConfiguration;
			baseConfigurationReference = 2C256EF94674FD176E795252 /* Pods-YYMusic.release.xcconfig */;
			buildSettings = {
				ASSETCATALOG_COMPILER_APPICON_NAME = AppIcon;
				CODE_SIGN_STYLE = Automatic;
				DEVELOPMENT_TEAM = 756FYS2Z5Z;
				INFOPLIST_FILE = YYMusic/Info.plist;
				IPHONEOS_DEPLOYMENT_TARGET = 10.0;
				LD_RUNPATH_SEARCH_PATHS = (
					"$(inherited)",
					"@executable_path/Frameworks",
				);
				PRODUCT_BUNDLE_IDENTIFIER = haohao.com.YYMusic.c;
				PRODUCT_NAME = "$(TARGET_NAME)";
				SWIFT_VERSION = 5.0;
				TARGETED_DEVICE_FAMILY = 1;
			};
			name = Release;
		};
		D24C881D246BFC56002F7CD0 /* Debug */ = {
			isa = XCBuildConfiguration;
			baseConfigurationReference = 0F0DB9F537D6B4FBF9BF79F2 /* Pods-YYMusicTests.debug.xcconfig */;
			buildSettings = {
				ALWAYS_EMBED_SWIFT_STANDARD_LIBRARIES = YES;
				BUNDLE_LOADER = "$(TEST_HOST)";
				CODE_SIGN_STYLE = Automatic;
				INFOPLIST_FILE = YYMusicTests/Info.plist;
				IPHONEOS_DEPLOYMENT_TARGET = 13.4;
				LD_RUNPATH_SEARCH_PATHS = (
					"$(inherited)",
					"@executable_path/Frameworks",
					"@loader_path/Frameworks",
				);
				PRODUCT_BUNDLE_IDENTIFIER = haohao.com.YYMusicTests;
				PRODUCT_NAME = "$(TARGET_NAME)";
				SWIFT_VERSION = 5.0;
				TARGETED_DEVICE_FAMILY = "1,2";
				TEST_HOST = "$(BUILT_PRODUCTS_DIR)/YYMusic.app/YYMusic";
			};
			name = Debug;
		};
		D24C881E246BFC56002F7CD0 /* Release */ = {
			isa = XCBuildConfiguration;
			baseConfigurationReference = 621AA26CE38EEA5E496C5CD3 /* Pods-YYMusicTests.release.xcconfig */;
			buildSettings = {
				ALWAYS_EMBED_SWIFT_STANDARD_LIBRARIES = YES;
				BUNDLE_LOADER = "$(TEST_HOST)";
				CODE_SIGN_STYLE = Automatic;
				INFOPLIST_FILE = YYMusicTests/Info.plist;
				IPHONEOS_DEPLOYMENT_TARGET = 13.4;
				LD_RUNPATH_SEARCH_PATHS = (
					"$(inherited)",
					"@executable_path/Frameworks",
					"@loader_path/Frameworks",
				);
				PRODUCT_BUNDLE_IDENTIFIER = haohao.com.YYMusicTests;
				PRODUCT_NAME = "$(TARGET_NAME)";
				SWIFT_VERSION = 5.0;
				TARGETED_DEVICE_FAMILY = "1,2";
				TEST_HOST = "$(BUILT_PRODUCTS_DIR)/YYMusic.app/YYMusic";
			};
			name = Release;
		};
		D24C8820246BFC56002F7CD0 /* Debug */ = {
			isa = XCBuildConfiguration;
			baseConfigurationReference = 730EE4DE633266EA9F10763C /* Pods-YYMusic-YYMusicUITests.debug.xcconfig */;
			buildSettings = {
				ALWAYS_EMBED_SWIFT_STANDARD_LIBRARIES = YES;
				CODE_SIGN_STYLE = Automatic;
				INFOPLIST_FILE = YYMusicUITests/Info.plist;
				LD_RUNPATH_SEARCH_PATHS = (
					"$(inherited)",
					"@executable_path/Frameworks",
					"@loader_path/Frameworks",
				);
				PRODUCT_BUNDLE_IDENTIFIER = haohao.com.YYMusicUITests;
				PRODUCT_NAME = "$(TARGET_NAME)";
				SWIFT_VERSION = 5.0;
				TARGETED_DEVICE_FAMILY = "1,2";
				TEST_TARGET_NAME = YYMusic;
			};
			name = Debug;
		};
		D24C8821246BFC56002F7CD0 /* Release */ = {
			isa = XCBuildConfiguration;
			baseConfigurationReference = 375C3FFA3DF9533D44A391F8 /* Pods-YYMusic-YYMusicUITests.release.xcconfig */;
			buildSettings = {
				ALWAYS_EMBED_SWIFT_STANDARD_LIBRARIES = YES;
				CODE_SIGN_STYLE = Automatic;
				INFOPLIST_FILE = YYMusicUITests/Info.plist;
				LD_RUNPATH_SEARCH_PATHS = (
					"$(inherited)",
					"@executable_path/Frameworks",
					"@loader_path/Frameworks",
				);
				PRODUCT_BUNDLE_IDENTIFIER = haohao.com.YYMusicUITests;
				PRODUCT_NAME = "$(TARGET_NAME)";
				SWIFT_VERSION = 5.0;
				TARGETED_DEVICE_FAMILY = "1,2";
				TEST_TARGET_NAME = YYMusic;
			};
			name = Release;
		};
/* End XCBuildConfiguration section */

/* Begin XCConfigurationList section */
		D24C87EA246BFC53002F7CD0 /* Build configuration list for PBXProject "YYMusic" */ = {
			isa = XCConfigurationList;
			buildConfigurations = (
				D24C8817246BFC56002F7CD0 /* Debug */,
				D24C8818246BFC56002F7CD0 /* Release */,
			);
			defaultConfigurationIsVisible = 0;
			defaultConfigurationName = Release;
		};
		D24C8819246BFC56002F7CD0 /* Build configuration list for PBXNativeTarget "YYMusic" */ = {
			isa = XCConfigurationList;
			buildConfigurations = (
				D24C881A246BFC56002F7CD0 /* Debug */,
				D24C881B246BFC56002F7CD0 /* Release */,
			);
			defaultConfigurationIsVisible = 0;
			defaultConfigurationName = Release;
		};
		D24C881C246BFC56002F7CD0 /* Build configuration list for PBXNativeTarget "YYMusicTests" */ = {
			isa = XCConfigurationList;
			buildConfigurations = (
				D24C881D246BFC56002F7CD0 /* Debug */,
				D24C881E246BFC56002F7CD0 /* Release */,
			);
			defaultConfigurationIsVisible = 0;
			defaultConfigurationName = Release;
		};
		D24C881F246BFC56002F7CD0 /* Build configuration list for PBXNativeTarget "YYMusicUITests" */ = {
			isa = XCConfigurationList;
			buildConfigurations = (
				D24C8820246BFC56002F7CD0 /* Debug */,
				D24C8821246BFC56002F7CD0 /* Release */,
			);
			defaultConfigurationIsVisible = 0;
			defaultConfigurationName = Release;
		};
/* End XCConfigurationList section */
	};
	rootObject = D24C87E7246BFC53002F7CD0 /* Project object */;
}
